
Microsoft Visual Studio Solution File, Format Version 12.00
# Visual Studio Version 16
VisualStudioVersion = 16.0.30413.136
MinimumVisualStudioVersion = 10.0.40219.1
Project("{FAE04EC0-301F-11D3-BF4B-00C04F79EFBC}") = "TesteImposto", "TesteImposto\TesteImposto.csproj", "{B477192F-814E-4710-8DBC-244AD89157C8}"
EndProject
Project("{FAE04EC0-301F-11D3-BF4B-00C04F79EFBC}") = "Imposto.Core", "Imposto.Core\Imposto.Core.csproj", "{2339C0B3-1E95-4CD3-BFBA-64B377857016}"
EndProject
Project("{FAE04EC0-301F-11D3-BF4B-00C04F79EFBC}") = "Imposto.Data", "Imposto.Data\Imposto.Data.csproj", "{D31867EE-A3C6-475B-9F2A-3331CFF6834D}"
EndProject
Project("{FAE04EC0-301F-11D3-BF4B-00C04F79EFBC}") = "Imposto.Common", "Imposto.Common\Imposto.Common.csproj", "{D815ABDE-9BF3-4367-9CAC-EE2412974B21}"
EndProject
Project("{FAE04EC0-301F-11D3-BF4B-00C04F79EFBC}") = "Imposto.Test", "Imposto.Test\Imposto.Test.csproj", "{3CA5892E-57D7-4A10-884A-0A8C2CF6054E}"
EndProject
Global
	GlobalSection(SolutionConfigurationPlatforms) = preSolution
		Debug|Any CPU = Debug|Any CPU
		Release|Any CPU = Release|Any CPU
	EndGlobalSection
	GlobalSection(ProjectConfigurationPlatforms) = postSolution
		{B477192F-814E-4710-8DBC-244AD89157C8}.Debug|Any CPU.ActiveCfg = Debug|Any CPU
		{B477192F-814E-4710-8DBC-244AD89157C8}.Debug|Any CPU.Build.0 = Debug|Any CPU
		{B477192F-814E-4710-8DBC-244AD89157C8}.Release|Any CPU.ActiveCfg = Release|Any CPU
		{B477192F-814E-4710-8DBC-244AD89157C8}.Release|Any CPU.Build.0 = Release|Any CPU
		{2339C0B3-1E95-4CD3-BFBA-64B377857016}.Debug|Any CPU.ActiveCfg = Debug|Any CPU
		{2339C0B3-1E95-4CD3-BFBA-64B377857016}.Debug|Any CPU.Build.0 = Debug|Any CPU
		{2339C0B3-1E95-4CD3-BFBA-64B377857016}.Release|Any CPU.ActiveCfg = Release|Any CPU
		{2339C0B3-1E95-4CD3-BFBA-64B377857016}.Release|Any CPU.Build.0 = Release|Any CPU
		{D31867EE-A3C6-475B-9F2A-3331CFF6834D}.Debug|Any CPU.ActiveCfg = Debug|Any CPU
		{D31867EE-A3C6-475B-9F2A-3331CFF6834D}.Debug|Any CPU.Build.0 = Debug|Any CPU
		{D31867EE-A3C6-475B-9F2A-3331CFF6834D}.Release|Any CPU.ActiveCfg = Release|Any CPU
		{D31867EE-A3C6-475B-9F2A-3331CFF6834D}.Release|Any CPU.Build.0 = Release|Any CPU
		{D815ABDE-9BF3-4367-9CAC-EE2412974B21}.Debug|Any CPU.ActiveCfg = Debug|Any CPU
		{D815ABDE-9BF3-4367-9CAC-EE2412974B21}.Debug|Any CPU.Build.0 = Debug|Any CPU
		{D815ABDE-9BF3-4367-9CAC-EE2412974B21}.Release|Any CPU.ActiveCfg = Release|Any CPU
		{D815ABDE-9BF3-4367-9CAC-EE2412974B21}.Release|Any CPU.Build.0 = Release|Any CPU
		{3CA5892E-57D7-4A10-884A-0A8C2CF6054E}.Debug|Any CPU.ActiveCfg = Debug|Any CPU
		{3CA5892E-57D7-4A10-884A-0A8C2CF6054E}.Debug|Any CPU.Build.0 = Debug|Any CPU
		{3CA5892E-57D7-4A10-884A-0A8C2CF6054E}.Release|Any CPU.ActiveCfg = Release|Any CPU
		{3CA5892E-57D7-4A10-884A-0A8C2CF6054E}.Release|Any CPU.Build.0 = Release|Any CPU
	EndGlobalSection
	GlobalSection(SolutionProperties) = preSolution
		HideSolutionNode = FALSE
	EndGlobalSection
	GlobalSection(ExtensibilityGlobals) = postSolution
		SolutionGuid = {5901DA75-7591-4D20-BAE0-F9704146958E}
	EndGlobalSection
EndGlobal
